
Microsoft Visual Studio Solution File, Format Version 12.00
# Visual Studio Version 17
VisualStudioVersion = 17.1.32210.238
MinimumVisualStudioVersion = 10.0.40219.1
Project("{FAE04EC0-301F-11D3-BF4B-00C04F79EFBC}") = "myfirstconsole", "myfirstconsole.csproj", "{136D78C8-7714-4853-91AE-381DEB06B51A}"
EndProject
Global
	GlobalSection(SolutionConfigurationPlatforms) = preSolution
		Debug|Any CPU = Debug|Any CPU
		Release|Any CPU = Release|Any CPU
	EndGlobalSection
	GlobalSection(ProjectConfigurationPlatforms) = postSolution
		{136D78C8-7714-4853-91AE-381DEB06B51A}.Debug|Any CPU.ActiveCfg = Debug|Any CPU
		{136D78C8-7714-4853-91AE-381DEB06B51A}.Debug|Any CPU.Build.0 = Debug|Any CPU
		{136D78C8-7714-4853-91AE-381DEB06B51A}.Release|Any CPU.ActiveCfg = Release|Any CPU
		{136D78C8-7714-4853-91AE-381DEB06B51A}.Release|Any CPU.Build.0 = Release|Any CPU
	EndGlobalSection
	GlobalSection(SolutionProperties) = preSolution
		HideSolutionNode = FALSE
	EndGlobalSection
	GlobalSection(ExtensibilityGlobals) = postSolution
		SolutionGuid = {F076FC0C-63C6-4AD7-BC3C-F088E04CA4B6}
	EndGlobalSection
EndGlobal
